// !$*UTF8*$!
{
	archiveVersion = 1;
	classes = {
	};
	objectVersion = 46;
	objects = {

/* Begin PBXBuildFile section */
		4319414719E9E9FE0092D299 /* FlipFlop.cpp in Sources */ = {isa = PBXBuildFile; fileRef = 4319414519E9E9FE0092D299 /* FlipFlop.cpp */; };
		4335945519F0401F0048A880 /* LogicUnit.cpp in Sources */ = {isa = PBXBuildFile; fileRef = 4335945319F0401F0048A880 /* LogicUnit.cpp */; };
		439F569F19F1D18D0005A0C2 /* ALU.cpp in Sources */ = {isa = PBXBuildFile; fileRef = 439F569D19F1D18D0005A0C2 /* ALU.cpp */; };
		43EEE7A919FBC09400D6BE01 /* FunctionalUnit.cpp in Sources */ = {isa = PBXBuildFile; fileRef = 43EEE7A719FBC09400D6BE01 /* FunctionalUnit.cpp */; };
		43EEE7AC19FBD83100D6BE01 /* Shifter.cpp in Sources */ = {isa = PBXBuildFile; fileRef = 43EEE7AA19FBD83100D6BE01 /* Shifter.cpp */; };
		43EF9BC919E71FEF00FDB8E1 /* main.cpp in Sources */ = {isa = PBXBuildFile; fileRef = 43EF9BC819E71FEF00FDB8E1 /* main.cpp */; };
		43EF9BD119E7200200FDB8E1 /* Register.cpp in Sources */ = {isa = PBXBuildFile; fileRef = 43EF9BCF19E7200200FDB8E1 /* Register.cpp */; };
		43EF9BD419E7201300FDB8E1 /* RegisterFile.cpp in Sources */ = {isa = PBXBuildFile; fileRef = 43EF9BD219E7201300FDB8E1 /* RegisterFile.cpp */; };
		43EF9BD719E7202100FDB8E1 /* Adder.cpp in Sources */ = {isa = PBXBuildFile; fileRef = 43EF9BD519E7202100FDB8E1 /* Adder.cpp */; };
		43EF9BDA19E720C800FDB8E1 /* FullAdder.cpp in Sources */ = {isa = PBXBuildFile; fileRef = 43EF9BD819E720C800FDB8E1 /* FullAdder.cpp */; };
/* End PBXBuildFile section */

/* Begin PBXCopyFilesBuildPhase section */
		43EF9BC319E71FEF00FDB8E1 /* CopyFiles */ = {
			isa = PBXCopyFilesBuildPhase;
			buildActionMask = 2147483647;
			dstPath = /usr/share/man/man1/;
			dstSubfolderSpec = 0;
			files = (
			);
			runOnlyForDeploymentPostprocessing = 1;
		};
/* End PBXCopyFilesBuildPhase section */

/* Begin PBXFileReference section */
		4319414519E9E9FE0092D299 /* FlipFlop.cpp */ = {isa = PBXFileReference; fileEncoding = 4; lastKnownFileType = sourcecode.cpp.cpp; path = FlipFlop.cpp; sourceTree = "<group>"; };
		4319414619E9E9FE0092D299 /* FlipFlop.h */ = {isa = PBXFileReference; fileEncoding = 4; lastKnownFileType = sourcecode.c.h; path = FlipFlop.h; sourceTree = "<group>"; };
		4335945319F0401F0048A880 /* LogicUnit.cpp */ = {isa = PBXFileReference; fileEncoding = 4; lastKnownFileType = sourcecode.cpp.cpp; path = LogicUnit.cpp; sourceTree = "<group>"; };
		4335945419F0401F0048A880 /* LogicUnit.h */ = {isa = PBXFileReference; fileEncoding = 4; lastKnownFileType = sourcecode.c.h; path = LogicUnit.h; sourceTree = "<group>"; };
		439F569D19F1D18D0005A0C2 /* ALU.cpp */ = {isa = PBXFileReference; fileEncoding = 4; lastKnownFileType = sourcecode.cpp.cpp; path = ALU.cpp; sourceTree = "<group>"; };
		439F569E19F1D18D0005A0C2 /* ALU.h */ = {isa = PBXFileReference; fileEncoding = 4; lastKnownFileType = sourcecode.c.h; path = ALU.h; sourceTree = "<group>"; };
		43EEE7A719FBC09400D6BE01 /* FunctionalUnit.cpp */ = {isa = PBXFileReference; fileEncoding = 4; lastKnownFileType = sourcecode.cpp.cpp; path = FunctionalUnit.cpp; sourceTree = "<group>"; };
		43EEE7A819FBC09400D6BE01 /* FunctionalUnit.h */ = {isa = PBXFileReference; fileEncoding = 4; lastKnownFileType = sourcecode.c.h; path = FunctionalUnit.h; sourceTree = "<group>"; };
		43EEE7AA19FBD83100D6BE01 /* Shifter.cpp */ = {isa = PBXFileReference; fileEncoding = 4; lastKnownFileType = sourcecode.cpp.cpp; path = Shifter.cpp; sourceTree = "<group>"; };
		43EEE7AB19FBD83100D6BE01 /* Shifter.h */ = {isa = PBXFileReference; fileEncoding = 4; lastKnownFileType = sourcecode.c.h; path = Shifter.h; sourceTree = "<group>"; };
		43EF9BC519E71FEF00FDB8E1 /* Emulator */ = {isa = PBXFileReference; explicitFileType = "compiled.mach-o.executable"; includeInIndex = 0; path = Emulator; sourceTree = BUILT_PRODUCTS_DIR; };
		43EF9BC819E71FEF00FDB8E1 /* main.cpp */ = {isa = PBXFileReference; lastKnownFileType = sourcecode.cpp.cpp; path = main.cpp; sourceTree = "<group>"; };
		43EF9BCF19E7200200FDB8E1 /* Register.cpp */ = {isa = PBXFileReference; fileEncoding = 4; lastKnownFileType = sourcecode.cpp.cpp; path = Register.cpp; sourceTree = "<group>"; };
		43EF9BD019E7200200FDB8E1 /* Register.h */ = {isa = PBXFileReference; fileEncoding = 4; lastKnownFileType = sourcecode.c.h; path = Register.h; sourceTree = "<group>"; };
		43EF9BD219E7201300FDB8E1 /* RegisterFile.cpp */ = {isa = PBXFileReference; fileEncoding = 4; lastKnownFileType = sourcecode.cpp.cpp; path = RegisterFile.cpp; sourceTree = "<group>"; };
		43EF9BD319E7201300FDB8E1 /* RegisterFile.h */ = {isa = PBXFileReference; fileEncoding = 4; lastKnownFileType = sourcecode.c.h; path = RegisterFile.h; sourceTree = "<group>"; };
		43EF9BD519E7202100FDB8E1 /* Adder.cpp */ = {isa = PBXFileReference; fileEncoding = 4; lastKnownFileType = sourcecode.cpp.cpp; path = Adder.cpp; sourceTree = "<group>"; };
		43EF9BD619E7202100FDB8E1 /* Adder.h */ = {isa = PBXFileReference; fileEncoding = 4; lastKnownFileType = sourcecode.c.h; path = Adder.h; sourceTree = "<group>"; };
		43EF9BD819E720C800FDB8E1 /* FullAdder.cpp */ = {isa = PBXFileReference; fileEncoding = 4; lastKnownFileType = sourcecode.cpp.cpp; path = FullAdder.cpp; sourceTree = "<group>"; };
		43EF9BD919E720C800FDB8E1 /* FullAdder.h */ = {isa = PBXFileReference; fileEncoding = 4; lastKnownFileType = sourcecode.c.h; path = FullAdder.h; sourceTree = "<group>"; };
		43EF9BDB19E724B500FDB8E1 /* Helpers.h */ = {isa = PBXFileReference; lastKnownFileType = sourcecode.c.h; path = Helpers.h; sourceTree = "<group>"; };
/* End PBXFileReference section */

/* Begin PBXFrameworksBuildPhase section */
		43EF9BC219E71FEF00FDB8E1 /* Frameworks */ = {
			isa = PBXFrameworksBuildPhase;
			buildActionMask = 2147483647;
			files = (
			);
			runOnlyForDeploymentPostprocessing = 0;
		};
/* End PBXFrameworksBuildPhase section */

/* Begin PBXGroup section */
		43EF9BBC19E71FEF00FDB8E1 = {
			isa = PBXGroup;
			children = (
				43EF9BC719E71FEF00FDB8E1 /* Emulator */,
				43EF9BC619E71FEF00FDB8E1 /* Products */,
			);
			sourceTree = "<group>";
		};
		43EF9BC619E71FEF00FDB8E1 /* Products */ = {
			isa = PBXGroup;
			children = (
				43EF9BC519E71FEF00FDB8E1 /* Emulator */,
			);
			name = Products;
			sourceTree = "<group>";
		};
		43EF9BC719E71FEF00FDB8E1 /* Emulator */ = {
			isa = PBXGroup;
			children = (
				43EF9BC819E71FEF00FDB8E1 /* main.cpp */,
				43EF9BDB19E724B500FDB8E1 /* Helpers.h */,
				4319414519E9E9FE0092D299 /* FlipFlop.cpp */,
				4319414619E9E9FE0092D299 /* FlipFlop.h */,
				43EF9BCF19E7200200FDB8E1 /* Register.cpp */,
				43EF9BD019E7200200FDB8E1 /* Register.h */,
				43EF9BD219E7201300FDB8E1 /* RegisterFile.cpp */,
				43EF9BD319E7201300FDB8E1 /* RegisterFile.h */,
				43EF9BD519E7202100FDB8E1 /* Adder.cpp */,
				43EF9BD619E7202100FDB8E1 /* Adder.h */,
				43EF9BD819E720C800FDB8E1 /* FullAdder.cpp */,
				43EF9BD919E720C800FDB8E1 /* FullAdder.h */,
				4335945319F0401F0048A880 /* LogicUnit.cpp */,
				4335945419F0401F0048A880 /* LogicUnit.h */,
				439F569D19F1D18D0005A0C2 /* ALU.cpp */,
				439F569E19F1D18D0005A0C2 /* ALU.h */,
				43EEE7AA19FBD83100D6BE01 /* Shifter.cpp */,
				43EEE7AB19FBD83100D6BE01 /* Shifter.h */,
				43EEE7A719FBC09400D6BE01 /* FunctionalUnit.cpp */,
				43EEE7A819FBC09400D6BE01 /* FunctionalUnit.h */,
			);
			path = Emulator;
			sourceTree = "<group>";
		};
/* End PBXGroup section */

/* Begin PBXNativeTarget section */
		43EF9BC419E71FEF00FDB8E1 /* Emulator */ = {
			isa = PBXNativeTarget;
			buildConfigurationList = 43EF9BCC19E71FEF00FDB8E1 /* Build configuration list for PBXNativeTarget "Emulator" */;
			buildPhases = (
				43EF9BC119E71FEF00FDB8E1 /* Sources */,
				43EF9BC219E71FEF00FDB8E1 /* Frameworks */,
				43EF9BC319E71FEF00FDB8E1 /* CopyFiles */,
			);
			buildRules = (
			);
			dependencies = (
			);
			name = Emulator;
			productName = Emulator;
			productReference = 43EF9BC519E71FEF00FDB8E1 /* Emulator */;
			productType = "com.apple.product-type.tool";
		};
/* End PBXNativeTarget section */

/* Begin PBXProject section */
		43EF9BBD19E71FEF00FDB8E1 /* Project object */ = {
			isa = PBXProject;
			attributes = {
				LastUpgradeCheck = 0600;
				ORGANIZATIONNAME = "Seán Hargadon";
				TargetAttributes = {
					43EF9BC419E71FEF00FDB8E1 = {
						CreatedOnToolsVersion = 6.0.1;
					};
				};
			};
			buildConfigurationList = 43EF9BC019E71FEF00FDB8E1 /* Build configuration list for PBXProject "Emulator" */;
			compatibilityVersion = "Xcode 3.2";
			developmentRegion = English;
			hasScannedForEncodings = 0;
			knownRegions = (
				en,
			);
			mainGroup = 43EF9BBC19E71FEF00FDB8E1;
			productRefGroup = 43EF9BC619E71FEF00FDB8E1 /* Products */;
			projectDirPath = "";
			projectRoot = "";
			targets = (
				43EF9BC419E71FEF00FDB8E1 /* Emulator */,
			);
		};
/* End PBXProject section */

/* Begin PBXSourcesBuildPhase section */
		43EF9BC119E71FEF00FDB8E1 /* Sources */ = {
			isa = PBXSourcesBuildPhase;
			buildActionMask = 2147483647;
			files = (
				43EF9BD119E7200200FDB8E1 /* Register.cpp in Sources */,
				4319414719E9E9FE0092D299 /* FlipFlop.cpp in Sources */,
				439F569F19F1D18D0005A0C2 /* ALU.cpp in Sources */,
				43EF9BDA19E720C800FDB8E1 /* FullAdder.cpp in Sources */,
				43EF9BC919E71FEF00FDB8E1 /* main.cpp in Sources */,
				43EEE7A919FBC09400D6BE01 /* FunctionalUnit.cpp in Sources */,
				43EF9BD719E7202100FDB8E1 /* Adder.cpp in Sources */,
				43EEE7AC19FBD83100D6BE01 /* Shifter.cpp in Sources */,
				4335945519F0401F0048A880 /* LogicUnit.cpp in Sources */,
				43EF9BD419E7201300FDB8E1 /* RegisterFile.cpp in Sources */,
			);
			runOnlyForDeploymentPostprocessing = 0;
		};
/* End PBXSourcesBuildPhase section */

/* Begin XCBuildConfiguration section */
		43EF9BCA19E71FEF00FDB8E1 /* Debug */ = {
			isa = XCBuildConfiguration;
			buildSettings = {
				ALWAYS_SEARCH_USER_PATHS = NO;
				CLANG_CXX_LANGUAGE_STANDARD = "gnu++0x";
				CLANG_CXX_LIBRARY = "libc++";
				CLANG_ENABLE_MODULES = YES;
				CLANG_ENABLE_OBJC_ARC = YES;
				CLANG_WARN_BOOL_CONVERSION = YES;
				CLANG_WARN_CONSTANT_CONVERSION = YES;
				CLANG_WARN_DIRECT_OBJC_ISA_USAGE = YES_ERROR;
				CLANG_WARN_EMPTY_BODY = YES;
				CLANG_WARN_ENUM_CONVERSION = YES;
				CLANG_WARN_INT_CONVERSION = YES;
				CLANG_WARN_OBJC_ROOT_CLASS = YES_ERROR;
				CLANG_WARN_UNREACHABLE_CODE = YES;
				CLANG_WARN__DUPLICATE_METHOD_MATCH = YES;
				COPY_PHASE_STRIP = NO;
				ENABLE_STRICT_OBJC_MSGSEND = YES;
				GCC_C_LANGUAGE_STANDARD = gnu99;
				GCC_DYNAMIC_NO_PIC = NO;
				GCC_OPTIMIZATION_LEVEL = 0;
				GCC_PREPROCESSOR_DEFINITIONS = (
					"DEBUG=1",
					"$(inherited)",
				);
				GCC_SYMBOLS_PRIVATE_EXTERN = NO;
				GCC_WARN_64_TO_32_BIT_CONVERSION = YES;
				GCC_WARN_ABOUT_RETURN_TYPE = YES_ERROR;
				GCC_WARN_UNDECLARED_SELECTOR = YES;
				GCC_WARN_UNINITIALIZED_AUTOS = YES_AGGRESSIVE;
				GCC_WARN_UNUSED_FUNCTION = YES;
				GCC_WARN_UNUSED_VARIABLE = YES;
				MACOSX_DEPLOYMENT_TARGET = 10.9;
				MTL_ENABLE_DEBUG_INFO = YES;
				ONLY_ACTIVE_ARCH = YES;
				SDKROOT = macosx;
			};
			name = Debug;
		};
		43EF9BCB19E71FEF00FDB8E1 /* Release */ = {
			isa = XCBuildConfiguration;
			buildSettings = {
				ALWAYS_SEARCH_USER_PATHS = NO;
				CLANG_CXX_LANGUAGE_STANDARD = "gnu++0x";
				CLANG_CXX_LIBRARY = "libc++";
				CLANG_ENABLE_MODULES = YES;
				CLANG_ENABLE_OBJC_ARC = YES;
				CLANG_WARN_BOOL_CONVERSION = YES;
				CLANG_WARN_CONSTANT_CONVERSION = YES;
				CLANG_WARN_DIRECT_OBJC_ISA_USAGE = YES_ERROR;
				CLANG_WARN_EMPTY_BODY = YES;
				CLANG_WARN_ENUM_CONVERSION = YES;
				CLANG_WARN_INT_CONVERSION = YES;
				CLANG_WARN_OBJC_ROOT_CLASS = YES_ERROR;
				CLANG_WARN_UNREACHABLE_CODE = YES;
				CLANG_WARN__DUPLICATE_METHOD_MATCH = YES;
				COPY_PHASE_STRIP = YES;
				DEBUG_INFORMATION_FORMAT = "dwarf-with-dsym";
				ENABLE_NS_ASSERTIONS = NO;
				ENABLE_STRICT_OBJC_MSGSEND = YES;
				GCC_C_LANGUAGE_STANDARD = gnu99;
				GCC_WARN_64_TO_32_BIT_CONVERSION = YES;
				GCC_WARN_ABOUT_RETURN_TYPE = YES_ERROR;
				GCC_WARN_UNDECLARED_SELECTOR = YES;
				GCC_WARN_UNINITIALIZED_AUTOS = YES_AGGRESSIVE;
				GCC_WARN_UNUSED_FUNCTION = YES;
				GCC_WARN_UNUSED_VARIABLE = YES;
				MACOSX_DEPLOYMENT_TARGET = 10.9;
				MTL_ENABLE_DEBUG_INFO = NO;
				SDKROOT = macosx;
			};
			name = Release;
		};
		43EF9BCD19E71FEF00FDB8E1 /* Debug */ = {
			isa = XCBuildConfiguration;
			buildSettings = {
				PRODUCT_NAME = "$(TARGET_NAME)";
			};
			name = Debug;
		};
		43EF9BCE19E71FEF00FDB8E1 /* Release */ = {
			isa = XCBuildConfiguration;
			buildSettings = {
				PRODUCT_NAME = "$(TARGET_NAME)";
			};
			name = Release;
		};
/* End XCBuildConfiguration section */

/* Begin XCConfigurationList section */
		43EF9BC019E71FEF00FDB8E1 /* Build configuration list for PBXProject "Emulator" */ = {
			isa = XCConfigurationList;
			buildConfigurations = (
				43EF9BCA19E71FEF00FDB8E1 /* Debug */,
				43EF9BCB19E71FEF00FDB8E1 /* Release */,
			);
			defaultConfigurationIsVisible = 0;
			defaultConfigurationName = Release;
		};
		43EF9BCC19E71FEF00FDB8E1 /* Build configuration list for PBXNativeTarget "Emulator" */ = {
			isa = XCConfigurationList;
			buildConfigurations = (
				43EF9BCD19E71FEF00FDB8E1 /* Debug */,
				43EF9BCE19E71FEF00FDB8E1 /* Release */,
			);
			defaultConfigurationIsVisible = 0;
			defaultConfigurationName = Release;
		};
/* End XCConfigurationList section */
	};
	rootObject = 43EF9BBD19E71FEF00FDB8E1 /* Project object */;
}
